
Microsoft Visual Studio Solution File, Format Version 12.00
# Visual Studio Version 17
VisualStudioVersion = 17.2.32602.215
MinimumVisualStudioVersion = 10.0.40219.1
Project("{9A19103F-16F7-4668-BE54-9A1E7A4F7556}") = "BracketGeneratorTestApp", "BracketGeneratorTestApp\BracketGeneratorTestApp.csproj", "{94DE3DFA-8FDB-4A8F-AE25-2DDA214AB40A}"
EndProject
Project("{FAE04EC0-301F-11D3-BF4B-00C04F79EFBC}") = "BracketGeneratorTestApp.Tests", "BracketGeneratorTestApp.Tests\BracketGeneratorTestApp.Tests.csproj", "{04B68534-9711-44EF-9ABF-A65D8E33B2BC}"
EndProject
Project("{2150E333-8FDC-42A3-9474-1A3956D46DE8}") = "Solution Items", "Solution Items", "{9C118F69-7978-4EBF-BECD-65CAA81FEC81}"
	ProjectSection(SolutionItems) = preProject
		README.md = README.md
	EndProjectSection
EndProject
Global
	GlobalSection(SolutionConfigurationPlatforms) = preSolution
		Debug|Any CPU = Debug|Any CPU
		Release|Any CPU = Release|Any CPU
	EndGlobalSection
	GlobalSection(ProjectConfigurationPlatforms) = postSolution
		{94DE3DFA-8FDB-4A8F-AE25-2DDA214AB40A}.Debug|Any CPU.ActiveCfg = Debug|Any CPU
		{94DE3DFA-8FDB-4A8F-AE25-2DDA214AB40A}.Debug|Any CPU.Build.0 = Debug|Any CPU
		{94DE3DFA-8FDB-4A8F-AE25-2DDA214AB40A}.Release|Any CPU.ActiveCfg = Release|Any CPU
		{94DE3DFA-8FDB-4A8F-AE25-2DDA214AB40A}.Release|Any CPU.Build.0 = Release|Any CPU
		{04B68534-9711-44EF-9ABF-A65D8E33B2BC}.Debug|Any CPU.ActiveCfg = Debug|Any CPU
		{04B68534-9711-44EF-9ABF-A65D8E33B2BC}.Debug|Any CPU.Build.0 = Debug|Any CPU
		{04B68534-9711-44EF-9ABF-A65D8E33B2BC}.Release|Any CPU.ActiveCfg = Release|Any CPU
		{04B68534-9711-44EF-9ABF-A65D8E33B2BC}.Release|Any CPU.Build.0 = Release|Any CPU
	EndGlobalSection
	GlobalSection(SolutionProperties) = preSolution
		HideSolutionNode = FALSE
	EndGlobalSection
	GlobalSection(ExtensibilityGlobals) = postSolution
		SolutionGuid = {ADB234E2-D728-4131-AFC0-92CAE867163E}
	EndGlobalSection
EndGlobal
